
Microsoft Visual Studio Solution File, Format Version 12.00
# Visual Studio Version 17
VisualStudioVersion = 17.9.34607.119
MinimumVisualStudioVersion = 10.0.40219.1
Project("{FAE04EC0-301F-11D3-BF4B-00C04F79EFBC}") = "Override_ClassTransport", "Override_ClassTransport.csproj", "{BD83725A-6EAA-457C-95EB-BF030599BAC2}"
EndProject
Global
	GlobalSection(SolutionConfigurationPlatforms) = preSolution
		Debug|Any CPU = Debug|Any CPU
		Release|Any CPU = Release|Any CPU
	EndGlobalSection
	GlobalSection(ProjectConfigurationPlatforms) = postSolution
		{BD83725A-6EAA-457C-95EB-BF030599BAC2}.Debug|Any CPU.ActiveCfg = Debug|Any CPU
		{BD83725A-6EAA-457C-95EB-BF030599BAC2}.Debug|Any CPU.Build.0 = Debug|Any CPU
		{BD83725A-6EAA-457C-95EB-BF030599BAC2}.Release|Any CPU.ActiveCfg = Release|Any CPU
		{BD83725A-6EAA-457C-95EB-BF030599BAC2}.Release|Any CPU.Build.0 = Release|Any CPU
	EndGlobalSection
	GlobalSection(SolutionProperties) = preSolution
		HideSolutionNode = FALSE
	EndGlobalSection
	GlobalSection(ExtensibilityGlobals) = postSolution
		SolutionGuid = {66AA25EE-2AE2-4FB0-8DC8-2FD480F928EB}
	EndGlobalSection
EndGlobal
